
Microsoft Visual Studio Solution File, Format Version 12.00
# Visual Studio Version 17
VisualStudioVersion = 17.9.34902.65
MinimumVisualStudioVersion = 10.0.40219.1
Project("{9A19103F-16F7-4668-BE54-9A1E7A4F7556}") = "ProEventos.API", "ProEventos.API.csproj", "{D58C16CC-CBB0-4677-BA02-9D1E555639A2}"
EndProject
Project("{FAE04EC0-301F-11D3-BF4B-00C04F79EFBC}") = "ProEventos.Application", "..\ProEventos.Application\ProEventos.Application.csproj", "{E1743329-6A1B-463C-8E5E-5E770FCFC961}"
EndProject
Project("{FAE04EC0-301F-11D3-BF4B-00C04F79EFBC}") = "ProEventos.Domain", "..\ProEventos.Domain\ProEventos.Domain.csproj", "{600C0637-4D1E-4798-B2B4-C33FFC174F5F}"
EndProject
Project("{FAE04EC0-301F-11D3-BF4B-00C04F79EFBC}") = "ProEventos.Persistence", "..\ProEventos.Persistence\ProEventos.Persistence.csproj", "{816F33F1-1562-483A-B255-291A509FD971}"
EndProject
Global
	GlobalSection(SolutionConfigurationPlatforms) = preSolution
		Debug|Any CPU = Debug|Any CPU
		Release|Any CPU = Release|Any CPU
	EndGlobalSection
	GlobalSection(ProjectConfigurationPlatforms) = postSolution
		{D58C16CC-CBB0-4677-BA02-9D1E555639A2}.Debug|Any CPU.ActiveCfg = Debug|Any CPU
		{D58C16CC-CBB0-4677-BA02-9D1E555639A2}.Debug|Any CPU.Build.0 = Debug|Any CPU
		{D58C16CC-CBB0-4677-BA02-9D1E555639A2}.Release|Any CPU.ActiveCfg = Release|Any CPU
		{D58C16CC-CBB0-4677-BA02-9D1E555639A2}.Release|Any CPU.Build.0 = Release|Any CPU
		{E1743329-6A1B-463C-8E5E-5E770FCFC961}.Debug|Any CPU.ActiveCfg = Debug|Any CPU
		{E1743329-6A1B-463C-8E5E-5E770FCFC961}.Debug|Any CPU.Build.0 = Debug|Any CPU
		{E1743329-6A1B-463C-8E5E-5E770FCFC961}.Release|Any CPU.ActiveCfg = Release|Any CPU
		{E1743329-6A1B-463C-8E5E-5E770FCFC961}.Release|Any CPU.Build.0 = Release|Any CPU
		{600C0637-4D1E-4798-B2B4-C33FFC174F5F}.Debug|Any CPU.ActiveCfg = Debug|Any CPU
		{600C0637-4D1E-4798-B2B4-C33FFC174F5F}.Debug|Any CPU.Build.0 = Debug|Any CPU
		{600C0637-4D1E-4798-B2B4-C33FFC174F5F}.Release|Any CPU.ActiveCfg = Release|Any CPU
		{600C0637-4D1E-4798-B2B4-C33FFC174F5F}.Release|Any CPU.Build.0 = Release|Any CPU
		{816F33F1-1562-483A-B255-291A509FD971}.Debug|Any CPU.ActiveCfg = Debug|Any CPU
		{816F33F1-1562-483A-B255-291A509FD971}.Debug|Any CPU.Build.0 = Debug|Any CPU
		{816F33F1-1562-483A-B255-291A509FD971}.Release|Any CPU.ActiveCfg = Release|Any CPU
		{816F33F1-1562-483A-B255-291A509FD971}.Release|Any CPU.Build.0 = Release|Any CPU
	EndGlobalSection
	GlobalSection(SolutionProperties) = preSolution
		HideSolutionNode = FALSE
	EndGlobalSection
	GlobalSection(ExtensibilityGlobals) = postSolution
		SolutionGuid = {6F5C5245-16D6-4C0F-9D40-057EC8B306EF}
	EndGlobalSection
EndGlobal
